// !$*UTF8*$!
{
	archiveVersion = 1;
	classes = {
	};
	objectVersion = 54;
	objects = {

/* Begin PBXBuildFile section */
		D3A1B2C3294E5B0A00123456 /* HomeWidgetDemoFeedApp.swift in Sources */ = {isa = PBXBuildFile; fileRef = D3A1B2C2294E5B0A00123456 /* HomeWidgetDemoFeedApp.swift */; };
		D3A1B2C5294E5B0A00123456 /* ContentView.swift in Sources */ = {isa = PBXBuildFile; fileRef = D3A1B2C4294E5B0A00123456 /* ContentView.swift */; };
		D3A1B2C7294E5B0A00123456 /* FeedViewModel.swift in Sources */ = {isa = PBXBuildFile; fileRef = D3A1B2C6294E5B0A00123456 /* FeedViewModel.swift */; };
		D3A1B2C9294E5B0A00123456 /* FeedItem.swift in Sources */ = {isa = PBXBuildFile; fileRef = D3A1B2C8294E5B0A00123456 /* FeedItem.swift */; };
		D3A1B2CB294E5B0A00123456 /* Config.swift in Sources */ = {isa = PBXBuildFile; fileRef = D3A1B2CA294E5B0A00123456 /* Config.swift */; };
		D3A1B2CD294E5B0A00123456 /* APIClient.swift in Sources */ = {isa = PBXBuildFile; fileRef = D3A1B2CC294E5B0A00123456 /* APIClient.swift */; };
		D3A1B2DA294E5B0A00123456 /* APIError.swift in Sources */ = {isa = PBXBuildFile; fileRef = D3A1B2D9294E5B0A00123456 /* APIError.swift */; };
		D3A1B2E7294E5B0A00123456 /* ConfigUnitTests.swift in Sources */ = {isa = PBXBuildFile; fileRef = D3A1B2E1294E5B0A00123456 /* ConfigUnitTests.swift */; };
		D3A1B2F7294E5B0A00123456 /* ConnectivityIntegrationTests.swift in Sources */ = {isa = PBXBuildFile; fileRef = D3A1B2F1294E5B0A00123456 /* ConnectivityIntegrationTests.swift */; };
		D3A1B2FB294E5B0A00123456 /* ContractIntegrationTests.swift in Sources */ = {isa = PBXBuildFile; fileRef = D3A1B2FA294E5B0A00123456 /* ContractIntegrationTests.swift */; };
/* End PBXBuildFile section */

/* Begin PBXContainerItemProxy section */
		D3A1B2E8294E5B0A00123456 /* PBXContainerItemProxy */ = {
			isa = PBXContainerItemProxy;
			containerPortal = D3A1B2B9294E5B0A00123456 /* Project object */;
			proxyType = 1;
			remoteGlobalIDString = D3A1B2C0294E5B0A00123456;
			remoteInfo = HomeWidgetDemoFeed;
		};
		D3A1B2F8294E5B0A00123456 /* PBXContainerItemProxy */ = {
			isa = PBXContainerItemProxy;
			containerPortal = D3A1B2B9294E5B0A00123456 /* Project object */;
			proxyType = 1;
			remoteGlobalIDString = D3A1B2C0294E5B0A00123456;
			remoteInfo = HomeWidgetDemoFeed;
		};
/* End PBXContainerItemProxy section */

/* Begin PBXFileReference section */
		D3A1B2C1294E5B0A00123456 /* HomeWidgetDemoFeed.app */ = {isa = PBXFileReference; includeInIndex = 0; lastKnownFileType = wrapper.application; path = HomeWidgetDemoFeed.app; sourceTree = BUILT_PRODUCTS_DIR; };
		D3A1B2C2294E5B0A00123456 /* HomeWidgetDemoFeedApp.swift */ = {isa = PBXFileReference; lastKnownFileType = sourcecode.swift; path = HomeWidgetDemoFeedApp.swift; sourceTree = "<group>"; };
		D3A1B2C4294E5B0A00123456 /* ContentView.swift */ = {isa = PBXFileReference; lastKnownFileType = sourcecode.swift; path = ContentView.swift; sourceTree = "<group>"; };
		D3A1B2C6294E5B0A00123456 /* FeedViewModel.swift */ = {isa = PBXFileReference; lastKnownFileType = sourcecode.swift; path = FeedViewModel.swift; sourceTree = "<group>"; };
		D3A1B2C8294E5B0A00123456 /* FeedItem.swift */ = {isa = PBXFileReference; lastKnownFileType = sourcecode.swift; path = Models/FeedItem.swift; sourceTree = "<group>"; };
		D3A1B2CA294E5B0A00123456 /* Config.swift */ = {isa = PBXFileReference; lastKnownFileType = sourcecode.swift; path = Networking/Config.swift; sourceTree = "<group>"; };
		D3A1B2CC294E5B0A00123456 /* APIClient.swift */ = {isa = PBXFileReference; lastKnownFileType = sourcecode.swift; path = Networking/APIClient.swift; sourceTree = "<group>"; };
		D3A1B2D9294E5B0A00123456 /* APIError.swift */ = {isa = PBXFileReference; lastKnownFileType = sourcecode.swift; path = Networking/APIError.swift; sourceTree = "<group>"; };
		D3A1B2E1294E5B0A00123456 /* ConfigUnitTests.swift */ = {isa = PBXFileReference; lastKnownFileType = sourcecode.swift; path = HomeWidgetDemoFeedUnitTests/ConfigUnitTests.swift; sourceTree = "<group>"; };
		D3A1B2F1294E5B0A00123456 /* ConnectivityIntegrationTests.swift */ = {isa = PBXFileReference; lastKnownFileType = sourcecode.swift; path = HomeWidgetDemoFeedIntegrationTests/ConnectivityIntegrationTests.swift; sourceTree = "<group>"; };
		D3A1B2FA294E5B0A00123456 /* ContractIntegrationTests.swift */ = {isa = PBXFileReference; lastKnownFileType = sourcecode.swift; path = HomeWidgetDemoFeedIntegrationTests/ContractIntegrationTests.swift; sourceTree = "<group>"; };
		D3A1B2E2294E5B0A00123456 /* HomeWidgetDemoFeedUnitTests.xctest */ = {isa = PBXFileReference; includeInIndex = 0; lastKnownFileType = wrapper.cfbundle; path = HomeWidgetDemoFeedUnitTests.xctest; sourceTree = BUILT_PRODUCTS_DIR; };
		D3A1B2F2294E5B0A00123456 /* HomeWidgetDemoFeedIntegrationTests.xctest */ = {isa = PBXFileReference; includeInIndex = 0; lastKnownFileType = wrapper.cfbundle; path = HomeWidgetDemoFeedIntegrationTests.xctest; sourceTree = BUILT_PRODUCTS_DIR; };
		D3A1B2CE294E5B0A00123456 /* Info.plist */ = {isa = PBXFileReference; lastKnownFileType = text.plist.xml; path = Info.plist; sourceTree = "<group>"; };
		D3A1B2CF294E5B0A00123456 /* Config.xcconfig */ = {isa = PBXFileReference; lastKnownFileType = text.xcconfig; name = Config.xcconfig; path = ../Config.xcconfig; sourceTree = "<group>"; };
/* End PBXFileReference section */

/* Begin PBXFrameworksBuildPhase section */
		D3A1B2BE294E5B0A00123456 /* Frameworks */ = {
			isa = PBXFrameworksBuildPhase;
			buildActionMask = 2147483647;
			files = (
			);
			runOnlyForDeploymentPostprocessing = 0;
		};
		D3A1B2E5294E5B0A00123456 /* Frameworks */ = {
			isa = PBXFrameworksBuildPhase;
			buildActionMask = 2147483647;
			files = (
			);
			runOnlyForDeploymentPostprocessing = 0;
		};
		D3A1B2F5294E5B0A00123456 /* Frameworks */ = {
			isa = PBXFrameworksBuildPhase;
			buildActionMask = 2147483647;
			files = (
			);
			runOnlyForDeploymentPostprocessing = 0;
		};
/* End PBXFrameworksBuildPhase section */

/* Begin PBXGroup section */
		D3A1B2B8294E5B0A00123456 = {
			isa = PBXGroup;
			children = (
				D3A1B2C0294E5B0A00123457 /* HomeWidgetDemoFeed */,
				D3A1B2E0294E5B0A00123457 /* HomeWidgetDemoFeedUnitTests */,
				D3A1B2F0294E5B0A00123457 /* HomeWidgetDemoFeedIntegrationTests */,
				D3A1B2BF294E5B0A00123456 /* Products */,
				D3A1B2CF294E5B0A00123456 /* Config.xcconfig */,
			);
			sourceTree = "<group>";
		};
		D3A1B2BF294E5B0A00123456 /* Products */ = {
			isa = PBXGroup;
			children = (
				D3A1B2C1294E5B0A00123456 /* HomeWidgetDemoFeed.app */,
				D3A1B2E2294E5B0A00123456 /* HomeWidgetDemoFeedUnitTests.xctest */,
				D3A1B2F2294E5B0A00123456 /* HomeWidgetDemoFeedIntegrationTests.xctest */,
			);
			name = Products;
			sourceTree = "<group>";
		};
		D3A1B2C0294E5B0A00123457 /* HomeWidgetDemoFeed */ = {
			isa = PBXGroup;
			children = (
				D3A1B2C2294E5B0A00123456 /* HomeWidgetDemoFeedApp.swift */,
				D3A1B2C4294E5B0A00123456 /* ContentView.swift */,
				D3A1B2C6294E5B0A00123456 /* FeedViewModel.swift */,
				D3A1B2D0294E5B0A00123456 /* Models */,
				D3A1B2D1294E5B0A00123456 /* Networking */,
				D3A1B2CE294E5B0A00123456 /* Info.plist */,
			);
			path = HomeWidgetDemoFeed;
			sourceTree = "<group>";
		};
		D3A1B2D0294E5B0A00123456 /* Models */ = {
			isa = PBXGroup;
			children = (
				D3A1B2C8294E5B0A00123456 /* FeedItem.swift */,
			);
			name = Models;
			sourceTree = "<group>";
		};
		D3A1B2D1294E5B0A00123456 /* Networking */ = {
			isa = PBXGroup;
			children = (
				D3A1B2CA294E5B0A00123456 /* Config.swift */,
				D3A1B2CC294E5B0A00123456 /* APIClient.swift */,
				D3A1B2D9294E5B0A00123456 /* APIError.swift */,
			);
			name = Networking;
			sourceTree = "<group>";
		};
		D3A1B2E0294E5B0A00123457 /* HomeWidgetDemoFeedUnitTests */ = {
			isa = PBXGroup;
			children = (
				D3A1B2E1294E5B0A00123456 /* ConfigUnitTests.swift */,
			);
			path = HomeWidgetDemoFeedUnitTests;
			sourceTree = "<group>";
		};
		D3A1B2F0294E5B0A00123457 /* HomeWidgetDemoFeedIntegrationTests */ = {
			isa = PBXGroup;
			children = (
				D3A1B2F1294E5B0A00123456 /* ConnectivityIntegrationTests.swift */,
				D3A1B2FA294E5B0A00123456 /* ContractIntegrationTests.swift */,
			);
			path = HomeWidgetDemoFeedIntegrationTests;
			sourceTree = "<group>";
		};
/* End PBXGroup section */

/* Begin PBXNativeTarget section */
		D3A1B2C0294E5B0A00123456 /* HomeWidgetDemoFeed */ = {
			isa = PBXNativeTarget;
			buildConfigurationList = D3A1B2D2294E5B0A00123456 /* Build configuration list for PBXNativeTarget "HomeWidgetDemoFeed" */;
			buildPhases = (
				D3A1B2BD294E5B0A00123456 /* Sources */,
				D3A1B2BE294E5B0A00123456 /* Frameworks */,
				D3A1B2BF294E5B0A00123456 /* Resources */,
			);
			buildRules = (
			);
			dependencies = (
			);
			name = HomeWidgetDemoFeed;
			productName = HomeWidgetDemoFeed;
			productReference = D3A1B2C1294E5B0A00123456 /* HomeWidgetDemoFeed.app */;
			productType = "com.apple.product-type.application";
		};
		D3A1B2E3294E5B0A00123456 /* HomeWidgetDemoFeedUnitTests */ = {
			isa = PBXNativeTarget;
			buildConfigurationList = D3A1B2E6294E5B0A00123456 /* Build configuration list for PBXNativeTarget "HomeWidgetDemoFeedUnitTests" */;
			buildPhases = (
				D3A1B2E4294E5B0A00123456 /* Sources */,
				D3A1B2E5294E5B0A00123456 /* Frameworks */,
			);
			buildRules = (
			);
			dependencies = (
				D3A1B2E9294E5B0A00123456 /* PBXTargetDependency */,
			);
			name = HomeWidgetDemoFeedUnitTests;
			productName = HomeWidgetDemoFeedUnitTests;
			productReference = D3A1B2E2294E5B0A00123456 /* HomeWidgetDemoFeedUnitTests.xctest */;
			productType = "com.apple.product-type.bundle.unit-test";
		};
		D3A1B2F3294E5B0A00123456 /* HomeWidgetDemoFeedIntegrationTests */ = {
			isa = PBXNativeTarget;
			buildConfigurationList = D3A1B2F6294E5B0A00123456 /* Build configuration list for PBXNativeTarget "HomeWidgetDemoFeedIntegrationTests" */;
			buildPhases = (
				D3A1B2F4294E5B0A00123456 /* Sources */,
				D3A1B2F5294E5B0A00123456 /* Frameworks */,
			);
			buildRules = (
			);
			dependencies = (
				D3A1B2F9294E5B0A00123456 /* PBXTargetDependency */,
			);
			name = HomeWidgetDemoFeedIntegrationTests;
			productName = HomeWidgetDemoFeedIntegrationTests;
			productReference = D3A1B2F2294E5B0A00123456 /* HomeWidgetDemoFeedIntegrationTests.xctest */;
			productType = "com.apple.product-type.bundle.unit-test";
		};
/* End PBXNativeTarget section */

/* Begin PBXProject section */
		D3A1B2B9294E5B0A00123456 /* Project object */ = {
			isa = PBXProject;
			attributes = {
				LastSwiftUpdateCheck = 1400;
				LastUpgradeCheck = 1400;
				TargetAttributes = {
					D3A1B2C0294E5B0A00123456 = {
						CreatedOnToolsVersion = 14.0;
					};
				};
			};
			buildConfigurationList = D3A1B2BC294E5B0A00123456 /* Build configuration list for PBXProject "HomeWidgetDemoFeed" */;
			compatibilityVersion = "Xcode 13.0";
			developmentRegion = de;
			hasScannedForLocalization = 0;
			knownRegions = (
				de,
				Base,
			);
			mainGroup = D3A1B2B8294E5B0A00123456;
			productRefGroup = D3A1B2BF294E5B0A00123456 /* Products */;
			projectDirPath = "";
			projectRoot = "";
			targets = (
				D3A1B2C0294E5B0A00123456 /* HomeWidgetDemoFeed */,
				D3A1B2E3294E5B0A00123456 /* HomeWidgetDemoFeedUnitTests */,
				D3A1B2F3294E5B0A00123456 /* HomeWidgetDemoFeedIntegrationTests */,
			);
		};
/* End PBXProject section */

/* Begin PBXResourcesBuildPhase section */
		D3A1B2BF294E5B0A00123456 /* Resources */ = {
			isa = PBXResourcesBuildPhase;
			buildActionMask = 2147483647;
			files = (
			);
			runOnlyForDeploymentPostprocessing = 0;
		};
/* End PBXResourcesBuildPhase section */

/* Begin PBXSourcesBuildPhase section */
		D3A1B2BD294E5B0A00123456 /* Sources */ = {
			isa = PBXSourcesBuildPhase;
			buildActionMask = 2147483647;
			files = (
				D3A1B2C3294E5B0A00123456 /* HomeWidgetDemoFeedApp.swift in Sources */,
				D3A1B2C5294E5B0A00123456 /* ContentView.swift in Sources */,
				D3A1B2C7294E5B0A00123456 /* FeedViewModel.swift in Sources */,
				D3A1B2C9294E5B0A00123456 /* FeedItem.swift in Sources */,
				D3A1B2CB294E5B0A00123456 /* Config.swift in Sources */,
				D3A1B2CD294E5B0A00123456 /* APIClient.swift in Sources */,
				D3A1B2DA294E5B0A00123456 /* APIError.swift in Sources */,
			);
			runOnlyForDeploymentPostprocessing = 0;
		};
		D3A1B2E4294E5B0A00123456 /* Sources */ = {
			isa = PBXSourcesBuildPhase;
			buildActionMask = 2147483647;
			files = (
				D3A1B2E7294E5B0A00123456 /* ConfigUnitTests.swift in Sources */,
			);
			runOnlyForDeploymentPostprocessing = 0;
		};
		D3A1B2F4294E5B0A00123456 /* Sources */ = {
			isa = PBXSourcesBuildPhase;
			buildActionMask = 2147483647;
			files = (
				D3A1B2F7294E5B0A00123456 /* ConnectivityIntegrationTests.swift in Sources */,
				D3A1B2FB294E5B0A00123456 /* ContractIntegrationTests.swift in Sources */,
			);
			runOnlyForDeploymentPostprocessing = 0;
		};
/* End PBXSourcesBuildPhase section */

/* Begin PBXTargetDependency section */
		D3A1B2E9294E5B0A00123456 /* PBXTargetDependency */ = {
			isa = PBXTargetDependency;
			target = D3A1B2C0294E5B0A00123456 /* HomeWidgetDemoFeed */;
			targetProxy = D3A1B2E8294E5B0A00123456 /* PBXContainerItemProxy */;
		};
		D3A1B2F9294E5B0A00123456 /* PBXTargetDependency */ = {
			isa = PBXTargetDependency;
			target = D3A1B2C0294E5B0A00123456 /* HomeWidgetDemoFeed */;
			targetProxy = D3A1B2F8294E5B0A00123456 /* PBXContainerItemProxy */;
		};
/* End PBXTargetDependency section */

/* Begin XCBuildConfiguration section */
		D3A1B2D3294E5B0A00123456 /* Debug */ = {
			isa = XCBuildConfiguration;
			buildSettings = {
				ALWAYS_SEARCH_USER_PATHS = NO;
				CLANG_ANALYZER_NONNULL = YES;
				CLANG_ANALYZER_NUMBER_OBJECT_CONVERSION = YES_AGGRESSIVE;
				CLANG_CXX_LANGUAGE_STANDARD = "gnu++20";
				CLANG_ENABLE_MODULES = YES;
				CLANG_ENABLE_OBJC_ARC = YES;
				CLANG_ENABLE_OBJC_WEAK = YES;
				CLANG_WARN_BLOCK_CAPTURE_AUTORELEASING = YES;
				CLANG_WARN_BOOL_CONVERSION = YES;
				CLANG_WARN_COMMA = YES;
				CLANG_WARN_CONSTANT_CONVERSION = YES;
				CLANG_WARN_DEPRECATED_OBJC_IMPLEMENTATIONS = YES;
				CLANG_WARN_DIRECT_OBJC_ISA_USAGE = YES_ERROR;
				CLANG_WARN_DOCUMENTATION_COMMENTS = YES;
				CLANG_WARN_EMPTY_BODY = YES;
				CLANG_WARN_ENUM_CONVERSION = YES;
				CLANG_WARN_INFINITE_RECURSION = YES;
				CLANG_WARN_INT_CONVERSION = YES;
				CLANG_WARN_NON_LITERAL_NULL_CONVERSION = YES;
				CLANG_WARN_OBJC_IMPLICIT_RETAIN_SELF = YES;
				CLANG_WARN_OBJC_LITERAL_CONVERSION = YES;
				CLANG_WARN_OBJC_ROOT_CLASS = YES_ERROR;
				CLANG_WARN_QUOTED_INCLUDE_IN_FRAMEWORK_HEADER = YES;
				CLANG_WARN_RANGE_LOOP_ANALYSIS = YES;
				CLANG_WARN_STRICT_PROTOTYPES = YES;
				CLANG_WARN_SUSPICIOUS_MOVE = YES;
				CLANG_WARN_UNGUARDED_AVAILABILITY = YES_AGGRESSIVE;
				CLANG_WARN_UNREACHABLE_CODE = YES;
				COPY_PHASE_STRIP = NO;
				DEBUG_INFORMATION_FORMAT = dwarf;
				ENABLE_STRICT_OBJC_MSGSEND = YES;
				ENABLE_TESTABILITY = YES;
				GCC_C_LANGUAGE_STANDARD = gnu11;
				GCC_DYNAMIC_NO_PIC = NO;
				GCC_NO_COMMON_BLOCKS = YES;
				GCC_OPTIMIZATION_LEVEL = 0;
				GCC_PREPROCESSOR_DEFINITIONS = (
					"DEBUG=1",
					"$(inherited)",
				);
				GCC_WARN_64_TO_32_BIT_CONVERSION = YES;
				GCC_WARN_ABOUT_RETURN_TYPE = YES_ERROR;
				GCC_WARN_UNDECLARED_SELECTOR = YES;
				GCC_WARN_UNINITIALIZED_AUTOS = YES_AGGRESSIVE;
				GCC_WARN_UNUSED_FUNCTION = YES;
				GCC_WARN_UNUSED_VARIABLE = YES;
				IPHONEOS_DEPLOYMENT_TARGET = 15.0;
				MTL_ENABLE_DEBUG_INFO = INCLUDE_SOURCE;
				MTL_FAST_MATH = YES;
				ONLY_ACTIVE_ARCH = YES;
				SDKROOT = iphoneos;
				SWIFT_ACTIVE_COMPILATION_CONDITIONS = DEBUG;
				SWIFT_OPTIMIZATION_LEVEL = "-Onone";
			};
			name = Debug;
		};
		D3A1B2D4294E5B0A00123456 /* Release */ = {
			isa = XCBuildConfiguration;
			buildSettings = {
				ALWAYS_SEARCH_USER_PATHS = NO;
				CLANG_ANALYZER_NONNULL = YES;
				CLANG_ANALYZER_NUMBER_OBJECT_CONVERSION = YES_AGGRESSIVE;
				CLANG_CXX_LANGUAGE_STANDARD = "gnu++20";
				CLANG_ENABLE_MODULES = YES;
				CLANG_ENABLE_OBJC_ARC = YES;
				CLANG_ENABLE_OBJC_WEAK = YES;
				CLANG_WARN_BLOCK_CAPTURE_AUTORELEASING = YES;
				CLANG_WARN_BOOL_CONVERSION = YES;
				CLANG_WARN_COMMA = YES;
				CLANG_WARN_CONSTANT_CONVERSION = YES;
				CLANG_WARN_DEPRECATED_OBJC_IMPLEMENTATIONS = YES;
				CLANG_WARN_DIRECT_OBJC_ISA_USAGE = YES_ERROR;
				CLANG_WARN_DOCUMENTATION_COMMENTS = YES;
				CLANG_WARN_EMPTY_BODY = YES;
				CLANG_WARN_ENUM_CONVERSION = YES;
				CLANG_WARN_INFINITE_RECURSION = YES;
				CLANG_WARN_INT_CONVERSION = YES;
				CLANG_WARN_NON_LITERAL_NULL_CONVERSION = YES;
				CLANG_WARN_OBJC_IMPLICIT_RETAIN_SELF = YES;
				CLANG_WARN_OBJC_LITERAL_CONVERSION = YES;
				CLANG_WARN_OBJC_ROOT_CLASS = YES_ERROR;
				CLANG_WARN_QUOTED_INCLUDE_IN_FRAMEWORK_HEADER = YES;
				CLANG_WARN_RANGE_LOOP_ANALYSIS = YES;
				CLANG_WARN_STRICT_PROTOTYPES = YES;
				CLANG_WARN_SUSPICIOUS_MOVE = YES;
				CLANG_WARN_UNGUARDED_AVAILABILITY = YES_AGGRESSIVE;
				CLANG_WARN_UNREACHABLE_CODE = YES;
				COPY_PHASE_STRIP = NO;
				DEBUG_INFORMATION_FORMAT = "dwarf-with-dsym";
				ENABLE_NS_ASSERTIONS = NO;
				ENABLE_STRICT_OBJC_MSGSEND = YES;
				GCC_C_LANGUAGE_STANDARD = gnu11;
				GCC_NO_COMMON_BLOCKS = YES;
				GCC_WARN_64_TO_32_BIT_CONVERSION = YES;
				GCC_WARN_ABOUT_RETURN_TYPE = YES_ERROR;
				GCC_WARN_UNDECLARED_SELECTOR = YES;
				GCC_WARN_UNINITIALIZED_AUTOS = YES_AGGRESSIVE;
				GCC_WARN_UNUSED_FUNCTION = YES;
				GCC_WARN_UNUSED_VARIABLE = YES;
				IPHONEOS_DEPLOYMENT_TARGET = 15.0;
				MTL_ENABLE_DEBUG_INFO = NO;
				MTL_FAST_MATH = YES;
				SDKROOT = iphoneos;
				SWIFT_COMPILATION_MODE = wholemodule;
				SWIFT_OPTIMIZATION_LEVEL = "-O";
				VALIDATE_PRODUCT = YES;
			};
			name = Release;
		};
		D3A1B2D5294E5B0A00123456 /* Debug */ = {
			isa = XCBuildConfiguration;
			baseConfigurationReference = D3A1B2CF294E5B0A00123456 /* Config.xcconfig */;
			buildSettings = {
				ASSETCATALOG_COMPILER_APPICON_NAME = AppIcon;
				ASSETCATALOG_COMPILER_GLOBAL_ACCENT_COLOR_NAME = AccentColor;
				CODE_SIGN_STYLE = Automatic;
				CURRENT_PROJECT_VERSION = 1;
				GENERATE_INFOPLIST_FILE = YES;
				INFOPLIST_FILE = HomeWidgetDemoFeed/Info.plist;
				INFOPLIST_KEY_UIApplicationSceneManifest_Generation = YES;
				INFOPLIST_KEY_UIApplicationSupportsIndirectInputEvents = YES;
				INFOPLIST_KEY_UILaunchScreen_Generation = YES;
				INFOPLIST_KEY_UISupportedInterfaceOrientations_iPad = "UIInterfaceOrientationPortrait UIInterfaceOrientationPortraitUpsideDown UIInterfaceOrientationLandscapeLeft UIInterfaceOrientationLandscapeRight";
				INFOPLIST_KEY_UISupportedInterfaceOrientations_iPhone = "UIInterfaceOrientationPortrait UIInterfaceOrientationLandscapeLeft UIInterfaceOrientationLandscapeRight";
				LD_RUNPATH_SEARCH_PATHS = (
					"$(inherited)",
					"@executable_path/Frameworks",
				);
				MARKETING_VERSION = 1.0;
				PRODUCT_BUNDLE_IDENTIFIER = de.tomtastisch.HomeWidgetDemoFeed;
				PRODUCT_NAME = "$(TARGET_NAME)";
				SWIFT_EMIT_LOC_STRINGS = YES;
				SWIFT_VERSION = 5.0;
				TARGETED_DEVICE_FAMILY = "1,2";
			};
			name = Debug;
		};
		D3A1B2D6294E5B0A00123456 /* Release */ = {
			isa = XCBuildConfiguration;
			baseConfigurationReference = D3A1B2CF294E5B0A00123456 /* Config.xcconfig */;
			buildSettings = {
				ASSETCATALOG_COMPILER_APPICON_NAME = AppIcon;
				ASSETCATALOG_COMPILER_GLOBAL_ACCENT_COLOR_NAME = AccentColor;
				CODE_SIGN_STYLE = Automatic;
				CURRENT_PROJECT_VERSION = 1;
				GENERATE_INFOPLIST_FILE = YES;
				INFOPLIST_FILE = HomeWidgetDemoFeed/Info.plist;
				INFOPLIST_KEY_UIApplicationSceneManifest_Generation = YES;
				INFOPLIST_KEY_UIApplicationSupportsIndirectInputEvents = YES;
				INFOPLIST_KEY_UILaunchScreen_Generation = YES;
				INFOPLIST_KEY_UISupportedInterfaceOrientations_iPad = "UIInterfaceOrientationPortrait UIInterfaceOrientationPortraitUpsideDown UIInterfaceOrientationLandscapeLeft UIInterfaceOrientationLandscapeRight";
				INFOPLIST_KEY_UISupportedInterfaceOrientations_iPhone = "UIInterfaceOrientationPortrait UIInterfaceOrientationLandscapeLeft UIInterfaceOrientationLandscapeRight";
				LD_RUNPATH_SEARCH_PATHS = (
					"$(inherited)",
					"@executable_path/Frameworks",
				);
				MARKETING_VERSION = 1.0;
				PRODUCT_BUNDLE_IDENTIFIER = de.tomtastisch.HomeWidgetDemoFeed;
				PRODUCT_NAME = "$(TARGET_NAME)";
				SWIFT_EMIT_LOC_STRINGS = YES;
				SWIFT_VERSION = 5.0;
				TARGETED_DEVICE_FAMILY = "1,2";
			};
			name = Release;
		};
		D3A1B2E7294E5B0A00123456 /* Debug */ = {
			isa = XCBuildConfiguration;
			buildSettings = {
				BUNDLE_LOADER = "$(TEST_HOST)";
				CODE_SIGN_STYLE = Automatic;
				CURRENT_PROJECT_VERSION = 1;
				GENERATE_INFOPLIST_FILE = YES;
				MARKETING_VERSION = 1.0;
				PRODUCT_BUNDLE_IDENTIFIER = de.tomtastisch.HomeWidgetDemoFeedUnitTests;
				PRODUCT_NAME = "$(TARGET_NAME)";
				SWIFT_EMIT_LOC_STRINGS = YES;
				SWIFT_VERSION = 5.0;
				TARGETED_DEVICE_FAMILY = "1,2";
				TEST_HOST = "$(BUILT_PRODUCTS_DIR)/HomeWidgetDemoFeed.app/HomeWidgetDemoFeed";
			};
			name = Debug;
		};
		D3A1B2E8294E5B0A00123456 /* Release */ = {
			isa = XCBuildConfiguration;
			buildSettings = {
				BUNDLE_LOADER = "$(TEST_HOST)";
				CODE_SIGN_STYLE = Automatic;
				CURRENT_PROJECT_VERSION = 1;
				GENERATE_INFOPLIST_FILE = YES;
				MARKETING_VERSION = 1.0;
				PRODUCT_BUNDLE_IDENTIFIER = de.tomtastisch.HomeWidgetDemoFeedUnitTests;
				PRODUCT_NAME = "$(TARGET_NAME)";
				SWIFT_EMIT_LOC_STRINGS = YES;
				SWIFT_VERSION = 5.0;
				TARGETED_DEVICE_FAMILY = "1,2";
				TEST_HOST = "$(BUILT_PRODUCTS_DIR)/HomeWidgetDemoFeed.app/HomeWidgetDemoFeed";
			};
			name = Release;
		};
		D3A1B2F7294E5B0A00123456 /* Debug */ = {
			isa = XCBuildConfiguration;
			buildSettings = {
				BUNDLE_LOADER = "$(TEST_HOST)";
				CODE_SIGN_STYLE = Automatic;
				CURRENT_PROJECT_VERSION = 1;
				GENERATE_INFOPLIST_FILE = YES;
				MARKETING_VERSION = 1.0;
				PRODUCT_BUNDLE_IDENTIFIER = de.tomtastisch.HomeWidgetDemoFeedIntegrationTests;
				PRODUCT_NAME = "$(TARGET_NAME)";
				SWIFT_EMIT_LOC_STRINGS = YES;
				SWIFT_VERSION = 5.0;
				TARGETED_DEVICE_FAMILY = "1,2";
				TEST_HOST = "$(BUILT_PRODUCTS_DIR)/HomeWidgetDemoFeed.app/HomeWidgetDemoFeed";
			};
			name = Debug;
		};
		D3A1B2F8294E5B0A00123456 /* Release */ = {
			isa = XCBuildConfiguration;
			buildSettings = {
				BUNDLE_LOADER = "$(TEST_HOST)";
				CODE_SIGN_STYLE = Automatic;
				CURRENT_PROJECT_VERSION = 1;
				GENERATE_INFOPLIST_FILE = YES;
				MARKETING_VERSION = 1.0;
				PRODUCT_BUNDLE_IDENTIFIER = de.tomtastisch.HomeWidgetDemoFeedIntegrationTests;
				PRODUCT_NAME = "$(TARGET_NAME)";
				SWIFT_EMIT_LOC_STRINGS = YES;
				SWIFT_VERSION = 5.0;
				TARGETED_DEVICE_FAMILY = "1,2";
				TEST_HOST = "$(BUILT_PRODUCTS_DIR)/HomeWidgetDemoFeed.app/HomeWidgetDemoFeed";
			};
			name = Release;
		};
/* End XCBuildConfiguration section */

/* Begin XCConfigurationList section */
		D3A1B2BC294E5B0A00123456 /* Build configuration list for PBXProject "HomeWidgetDemoFeed" */ = {
			isa = XCConfigurationList;
			buildConfigurations = (
				D3A1B2D3294E5B0A00123456 /* Debug */,
				D3A1B2D4294E5B0A00123456 /* Release */,
			);
			defaultConfigurationIsVisible = 0;
			defaultConfigurationName = Release;
		};
		D3A1B2D2294E5B0A00123456 /* Build configuration list for PBXNativeTarget "HomeWidgetDemoFeed" */ = {
			isa = XCConfigurationList;
			buildConfigurations = (
				D3A1B2D5294E5B0A00123456 /* Debug */,
				D3A1B2D6294E5B0A00123456 /* Release */,
			);
			defaultConfigurationIsVisible = 0;
			defaultConfigurationName = Release;
		};
		D3A1B2E6294E5B0A00123456 /* Build configuration list for PBXNativeTarget "HomeWidgetDemoFeedUnitTests" */ = {
			isa = XCConfigurationList;
			buildConfigurations = (
				D3A1B2E7294E5B0A00123456 /* Debug */,
				D3A1B2E8294E5B0A00123456 /* Release */,
			);
			defaultConfigurationIsVisible = 0;
			defaultConfigurationName = Release;
		};
		D3A1B2F6294E5B0A00123456 /* Build configuration list for PBXNativeTarget "HomeWidgetDemoFeedIntegrationTests" */ = {
			isa = XCConfigurationList;
			buildConfigurations = (
				D3A1B2F7294E5B0A00123456 /* Debug */,
				D3A1B2F8294E5B0A00123456 /* Release */,
			);
			defaultConfigurationIsVisible = 0;
			defaultConfigurationName = Release;
		};
/* End XCConfigurationList section */
	};
	rootObject = D3A1B2B9294E5B0A00123456 /* Project object */;
}
